
Microsoft Visual Studio Solution File, Format Version 12.00
Project("{FAE04EC0-301F-11D3-BF4B-00C04F79EFBC}") = "SenseCapitalTestTask", "SenseCapitalTestTask\SenseCapitalTestTask.csproj", "{36085522-1FBB-4DAD-B273-D263FC9220A2}"
EndProject
Project("{FAE04EC0-301F-11D3-BF4B-00C04F79EFBC}") = "Data", "Data\Data.csproj", "{6774C08B-3050-4892-B76A-D0E55A185D49}"
EndProject
Project("{FAE04EC0-301F-11D3-BF4B-00C04F79EFBC}") = "BusinessLogic", "BusinessLogic\BusinessLogic.csproj", "{5078E6FF-6049-488B-8CE9-A245663842CE}"
EndProject
Project("{FAE04EC0-301F-11D3-BF4B-00C04F79EFBC}") = "Shared", "Shared\Shared.csproj", "{AF743BAB-C990-44B6-B2AB-136EEDAC766B}"
EndProject
Global
	GlobalSection(SolutionConfigurationPlatforms) = preSolution
		Debug|Any CPU = Debug|Any CPU
		Release|Any CPU = Release|Any CPU
	EndGlobalSection
	GlobalSection(ProjectConfigurationPlatforms) = postSolution
		{36085522-1FBB-4DAD-B273-D263FC9220A2}.Debug|Any CPU.ActiveCfg = Debug|Any CPU
		{36085522-1FBB-4DAD-B273-D263FC9220A2}.Debug|Any CPU.Build.0 = Debug|Any CPU
		{36085522-1FBB-4DAD-B273-D263FC9220A2}.Release|Any CPU.ActiveCfg = Release|Any CPU
		{36085522-1FBB-4DAD-B273-D263FC9220A2}.Release|Any CPU.Build.0 = Release|Any CPU
		{6774C08B-3050-4892-B76A-D0E55A185D49}.Debug|Any CPU.ActiveCfg = Debug|Any CPU
		{6774C08B-3050-4892-B76A-D0E55A185D49}.Debug|Any CPU.Build.0 = Debug|Any CPU
		{6774C08B-3050-4892-B76A-D0E55A185D49}.Release|Any CPU.ActiveCfg = Release|Any CPU
		{6774C08B-3050-4892-B76A-D0E55A185D49}.Release|Any CPU.Build.0 = Release|Any CPU
		{5078E6FF-6049-488B-8CE9-A245663842CE}.Debug|Any CPU.ActiveCfg = Debug|Any CPU
		{5078E6FF-6049-488B-8CE9-A245663842CE}.Debug|Any CPU.Build.0 = Debug|Any CPU
		{5078E6FF-6049-488B-8CE9-A245663842CE}.Release|Any CPU.ActiveCfg = Release|Any CPU
		{5078E6FF-6049-488B-8CE9-A245663842CE}.Release|Any CPU.Build.0 = Release|Any CPU
		{AF743BAB-C990-44B6-B2AB-136EEDAC766B}.Debug|Any CPU.ActiveCfg = Debug|Any CPU
		{AF743BAB-C990-44B6-B2AB-136EEDAC766B}.Debug|Any CPU.Build.0 = Debug|Any CPU
		{AF743BAB-C990-44B6-B2AB-136EEDAC766B}.Release|Any CPU.ActiveCfg = Release|Any CPU
		{AF743BAB-C990-44B6-B2AB-136EEDAC766B}.Release|Any CPU.Build.0 = Release|Any CPU
	EndGlobalSection
EndGlobal
